
Microsoft Visual Studio Solution File, Format Version 12.00
# Visual Studio Version 17
VisualStudioVersion = 17.13.35931.197 d17.13
MinimumVisualStudioVersion = 10.0.40219.1
Project("{FAE04EC0-301F-11D3-BF4B-00C04F79EFBC}") = "Practicec#basics", "Practicec#basics\Practicec#basics.csproj", "{415F17B7-2A29-4A27-A949-327C8CA423CA}"
EndProject
Global
	GlobalSection(SolutionConfigurationPlatforms) = preSolution
		Debug|Any CPU = Debug|Any CPU
		Release|Any CPU = Release|Any CPU
	EndGlobalSection
	GlobalSection(ProjectConfigurationPlatforms) = postSolution
		{415F17B7-2A29-4A27-A949-327C8CA423CA}.Debug|Any CPU.ActiveCfg = Debug|Any CPU
		{415F17B7-2A29-4A27-A949-327C8CA423CA}.Debug|Any CPU.Build.0 = Debug|Any CPU
		{415F17B7-2A29-4A27-A949-327C8CA423CA}.Release|Any CPU.ActiveCfg = Release|Any CPU
		{415F17B7-2A29-4A27-A949-327C8CA423CA}.Release|Any CPU.Build.0 = Release|Any CPU
	EndGlobalSection
	GlobalSection(SolutionProperties) = preSolution
		HideSolutionNode = FALSE
	EndGlobalSection
	GlobalSection(ExtensibilityGlobals) = postSolution
		SolutionGuid = {8999C559-2A2D-4731-B573-790821B9F2CE}
	EndGlobalSection
EndGlobal
